{
  "name": "js-utils_haha",
  "version": "1.0.2",
  "lockfileVersion": 1,
  "requires": true,
  "dependencies": {
    "big.js": {
      "version": "6.1.1",
      "resolved": "https://registry.npmjs.org/big.js/-/big.js-6.1.1.tgz",
      "integrity": "sha512-1vObw81a8ylZO5ePrtMay0n018TcftpTA5HFKDaSuiUDBo8biRBtjIobw60OpwuvrGk+FsxKamqN4cnmj/eXdg==",
      "dev": true
    },
    "crypto-js": {
      "version": "4.1.1",
      "resolved": "https://registry.npmjs.org/crypto-js/-/crypto-js-4.1.1.tgz",
      "integrity": "sha512-o2JlM7ydqd3Qk9CA0L4NL6mTzU2sdx96a+oOfPu8Mkl/PK51vSyoi8/rQ8NknZtk44vq15lmhAj9CIAGwgeWKw==",
      "dev": true
    },
    "jquery": {
      "version": "3.6.0",
      "resolved": "https://registry.npmjs.org/jquery/-/jquery-3.6.0.tgz",
      "integrity": "sha512-JVzAR/AjBvVt2BmYhxRCSYysDsPcssdmTFnzyLEts9qNwmjmu4JTAMYubEfwVOSwpQ1I1sKKFcxhZCI2buerfw=="
    }
  }
}
